# This file is automatically @generated by Cargo.
# It is not intended for manual editing.
version = 3

[[package]]
name = "restaurant-lib"
version = "0.1.0"
source = "git+https://github.com/danielft2/reuso-de-software-2024.1?branch=master#b9e0b7e869c9e4b3b03a91f0a160a9ca224979e3"

[[package]]
name = "restaurent-use"
version = "0.1.0"
dependencies = [
 "restaurant-lib",
]
